PODS:
  - AgoraIrisRTC_iOS (4.2.6-build.3)
  - AgoraRtcEngine_iOS (4.2.6):
    - AgoraRtcEngine_iOS/AIAEC (= 4.2.6)
    - AgoraRtcEngine_iOS/AINS (= 4.2.6)
    - AgoraRtcEngine_iOS/AudioBeauty (= 4.2.6)
    - AgoraRtcEngine_iOS/ClearVision (= 4.2.6)
    - AgoraRtcEngine_iOS/ContentInspect (= 4.2.6)
    - AgoraRtcEngine_iOS/DRM (= 4.2.6)
    - AgoraRtcEngine_iOS/FaceDetection (= 4.2.6)
    - AgoraRtcEngine_iOS/ReplayKit (= 4.2.6)
    - AgoraRtcEngine_iOS/RtcBasic (= 4.2.6)
    - AgoraRtcEngine_iOS/SpatialAudio (= 4.2.6)
    - AgoraRtcEngine_iOS/VideoCodecDec (= 4.2.6)
    - AgoraRtcEngine_iOS/VideoCodecEnc (= 4.2.6)
    - AgoraRtcEngine_iOS/VirtualBackground (= 4.2.6)
    - AgoraRtcEngine_iOS/VQA (= 4.2.6)
  - AgoraRtcEngine_iOS/AIAEC (4.2.6)
  - AgoraRtcEngine_iOS/AINS (4.2.6)
  - AgoraRtcEngine_iOS/AudioBeauty (4.2.6)
  - AgoraRtcEngine_iOS/ClearVision (4.2.6)
  - AgoraRtcEngine_iOS/ContentInspect (4.2.6)
  - AgoraRtcEngine_iOS/DRM (4.2.6)
  - AgoraRtcEngine_iOS/FaceDetection (4.2.6)
  - AgoraRtcEngine_iOS/ReplayKit (4.2.6)
  - AgoraRtcEngine_iOS/RtcBasic (4.2.6)
  - AgoraRtcEngine_iOS/SpatialAudio (4.2.6)
  - AgoraRtcEngine_iOS/VideoCodecDec (4.2.6)
  - AgoraRtcEngine_iOS/VideoCodecEnc (4.2.6)
  - AgoraRtcEngine_iOS/VirtualBackground (4.2.6)
  - AgoraRtcEngine_iOS/VQA (4.2.6)
  - boost (1.76.0)
  - BVLinearGradient (2.8.3):
    - React-Core
  - CocoaAsyncSocket (7.6.5)
  - DoubleConversion (1.1.6)
  - FBLazyVector (0.71.7)
  - FBReactNativeSpec (0.71.7):
    - RCT-Folly (= 2021.07.22.00)
    - RCTRequired (= 0.71.7)
    - RCTTypeSafety (= 0.71.7)
    - React-Core (= 0.71.7)
    - React-jsi (= 0.71.7)
    - ReactCommon/turbomodule/core (= 0.71.7)
  - Firebase (10.19.0):
    - Firebase/Core (= 10.19.0)
  - Firebase/Core (10.19.0):
    - Firebase/CoreOnly
    - FirebaseAnalytics (~> 10.19.0)
  - Firebase/CoreOnly (10.19.0):
    - FirebaseCore (= 10.19.0)
  - Firebase/Messaging (10.19.0):
    - Firebase/CoreOnly
    - FirebaseMessaging (~> 10.19.0)
  - FirebaseAnalytics (10.19.0):
    - FirebaseAnalytics/AdIdSupport (= 10.19.0)
    - FirebaseCore (~> 10.0)
    - FirebaseInstallations (~> 10.0)
    - GoogleUtilities/AppDelegateSwizzler (~> 7.11)
    - GoogleUtilities/MethodSwizzler (~> 7.11)
    - GoogleUtilities/Network (~> 7.11)
    - "GoogleUtilities/NSData+zlib (~> 7.11)"
    - nanopb (< 2.30910.0, >= 2.30908.0)
  - FirebaseAnalytics/AdIdSupport (10.19.0):
    - FirebaseCore (~> 10.0)
    - FirebaseInstallations (~> 10.0)
    - GoogleAppMeasurement (= 10.19.0)
    - GoogleUtilities/AppDelegateSwizzler (~> 7.11)
    - GoogleUtilities/MethodSwizzler (~> 7.11)
    - GoogleUtilities/Network (~> 7.11)
    - "GoogleUtilities/NSData+zlib (~> 7.11)"
    - nanopb (< 2.30910.0, >= 2.30908.0)
  - FirebaseCore (10.19.0):
    - FirebaseCoreInternal (~> 10.0)
    - GoogleUtilities/Environment (~> 7.12)
    - GoogleUtilities/Logger (~> 7.12)
  - FirebaseCoreExtension (10.19.0):
    - FirebaseCore (~> 10.0)
  - FirebaseCoreInternal (10.19.0):
    - "GoogleUtilities/NSData+zlib (~> 7.8)"
  - FirebaseInstallations (10.19.0):
    - FirebaseCore (~> 10.0)
    - GoogleUtilities/Environment (~> 7.8)
    - GoogleUtilities/UserDefaults (~> 7.8)
    - PromisesObjC (~> 2.1)
  - FirebaseMessaging (10.19.0):
    - FirebaseCore (~> 10.0)
    - FirebaseInstallations (~> 10.0)
    - GoogleDataTransport (~> 9.3)
    - GoogleUtilities/AppDelegateSwizzler (~> 7.8)
    - GoogleUtilities/Environment (~> 7.8)
    - GoogleUtilities/Reachability (~> 7.8)
    - GoogleUtilities/UserDefaults (~> 7.8)
    - nanopb (< 2.30910.0, >= 2.30908.0)
  - Flipper (0.125.0):
    - Flipper-Folly (~> 2.6)
    - Flipper-RSocket (~> 1.4)
  - Flipper-Boost-iOSX (1.76.0.1.11)
  - Flipper-DoubleConversion (3.2.0.1)
  - Flipper-Fmt (7.1.7)
  - Flipper-Folly (2.6.10):
    - Flipper-Boost-iOSX
    - Flipper-DoubleConversion
    - Flipper-Fmt (= 7.1.7)
    - Flipper-Glog
    - libevent (~> 2.1.12)
    - OpenSSL-Universal (= 1.1.1100)
  - Flipper-Glog (0.5.0.5)
  - Flipper-PeerTalk (0.0.4)
  - Flipper-RSocket (1.4.3):
    - Flipper-Folly (~> 2.6)
  - FlipperKit (0.125.0):
    - FlipperKit/Core (= 0.125.0)
  - FlipperKit/Core (0.125.0):
    - Flipper (~> 0.125.0)
    - FlipperKit/CppBridge
    - FlipperKit/FBCxxFollyDynamicConvert
    - FlipperKit/FBDefines
    - FlipperKit/FKPortForwarding
    - SocketRocket (~> 0.6.0)
  - FlipperKit/CppBridge (0.125.0):
    - Flipper (~> 0.125.0)
  - FlipperKit/FBCxxFollyDynamicConvert (0.125.0):
    - Flipper-Folly (~> 2.6)
  - FlipperKit/FBDefines (0.125.0)
  - FlipperKit/FKPortForwarding (0.125.0):
    - CocoaAsyncSocket (~> 7.6)
    - Flipper-PeerTalk (~> 0.0.4)
  - FlipperKit/FlipperKitHighlightOverlay (0.125.0)
  - FlipperKit/FlipperKitLayoutHelpers (0.125.0):
    - FlipperKit/Core
    - FlipperKit/FlipperKitHighlightOverlay
    - FlipperKit/FlipperKitLayoutTextSearchable
  - FlipperKit/FlipperKitLayoutIOSDescriptors (0.125.0):
    - FlipperKit/Core
    - FlipperKit/FlipperKitHighlightOverlay
    - FlipperKit/FlipperKitLayoutHelpers
    - YogaKit (~> 1.18)
  - FlipperKit/FlipperKitLayoutPlugin (0.125.0):
    - FlipperKit/Core
    - FlipperKit/FlipperKitHighlightOverlay
    - FlipperKit/FlipperKitLayoutHelpers
    - FlipperKit/FlipperKitLayoutIOSDescriptors
    - FlipperKit/FlipperKitLayoutTextSearchable
    - YogaKit (~> 1.18)
  - FlipperKit/FlipperKitLayoutTextSearchable (0.125.0)
  - FlipperKit/FlipperKitNetworkPlugin (0.125.0):
    - FlipperKit/Core
  - FlipperKit/FlipperKitReactPlugin (0.125.0):
    - FlipperKit/Core
  - FlipperKit/FlipperKitUserDefaultsPlugin (0.125.0):
    - FlipperKit/Core
  - FlipperKit/SKIOSNetworkPlugin (0.125.0):
    - FlipperKit/Core
    - FlipperKit/FlipperKitNetworkPlugin
  - fmt (6.2.1)
  - glog (0.3.5)
  - GoogleAppMeasurement (10.19.0):
    - GoogleAppMeasurement/AdIdSupport (= 10.19.0)
    - GoogleUtilities/AppDelegateSwizzler (~> 7.11)
    - GoogleUtilities/MethodSwizzler (~> 7.11)
    - GoogleUtilities/Network (~> 7.11)
    - "GoogleUtilities/NSData+zlib (~> 7.11)"
    - nanopb (< 2.30910.0, >= 2.30908.0)
  - GoogleAppMeasurement/AdIdSupport (10.19.0):
    - GoogleAppMeasurement/WithoutAdIdSupport (= 10.19.0)
    - GoogleUtilities/AppDelegateSwizzler (~> 7.11)
    - GoogleUtilities/MethodSwizzler (~> 7.11)
    - GoogleUtilities/Network (~> 7.11)
    - "GoogleUtilities/NSData+zlib (~> 7.11)"
    - nanopb (< 2.30910.0, >= 2.30908.0)
  - GoogleAppMeasurement/WithoutAdIdSupport (10.19.0):
    - GoogleUtilities/AppDelegateSwizzler (~> 7.11)
    - GoogleUtilities/MethodSwizzler (~> 7.11)
    - GoogleUtilities/Network (~> 7.11)
    - "GoogleUtilities/NSData+zlib (~> 7.11)"
    - nanopb (< 2.30910.0, >= 2.30908.0)
  - GoogleDataTransport (9.3.0):
    - GoogleUtilities/Environment (~> 7.7)
    - nanopb (< 2.30910.0, >= 2.30908.0)
    - PromisesObjC (< 3.0, >= 1.2)
  - GoogleUtilities (7.12.0):
    - GoogleUtilities/AppDelegateSwizzler (= 7.12.0)
    - GoogleUtilities/Environment (= 7.12.0)
    - GoogleUtilities/ISASwizzler (= 7.12.0)
    - GoogleUtilities/Logger (= 7.12.0)
    - GoogleUtilities/MethodSwizzler (= 7.12.0)
    - GoogleUtilities/Network (= 7.12.0)
    - "GoogleUtilities/NSData+zlib (= 7.12.0)"
    - GoogleUtilities/Reachability (= 7.12.0)
    - GoogleUtilities/SwizzlerTestHelpers (= 7.12.0)
    - GoogleUtilities/UserDefaults (= 7.12.0)
  - GoogleUtilities/AppDelegateSwizzler (7.12.0):
    - GoogleUtilities/Environment
    - GoogleUtilities/Logger
    - GoogleUtilities/Network
  - GoogleUtilities/Environment (7.12.0):
    - PromisesObjC (< 3.0, >= 1.2)
  - GoogleUtilities/ISASwizzler (7.12.0)
  - GoogleUtilities/Logger (7.12.0):
    - GoogleUtilities/Environment
  - GoogleUtilities/MethodSwizzler (7.12.0):
    - GoogleUtilities/Logger
  - GoogleUtilities/Network (7.12.0):
    - GoogleUtilities/Logger
    - "GoogleUtilities/NSData+zlib"
    - GoogleUtilities/Reachability
  - "GoogleUtilities/NSData+zlib (7.12.0)"
  - GoogleUtilities/Reachability (7.12.0):
    - GoogleUtilities/Logger
  - GoogleUtilities/SwizzlerTestHelpers (7.12.0):
    - GoogleUtilities/MethodSwizzler
  - GoogleUtilities/UserDefaults (7.12.0):
    - GoogleUtilities/Logger
  - hermes-engine (0.71.7):
    - hermes-engine/Pre-built (= 0.71.7)
  - hermes-engine/Pre-built (0.71.7)
  - libevent (2.1.12)
  - nanopb (2.30909.1):
    - nanopb/decode (= 2.30909.1)
    - nanopb/encode (= 2.30909.1)
  - nanopb/decode (2.30909.1)
  - nanopb/encode (2.30909.1)
  - OpenSSL-Universal (1.1.1100)
  - Permission-Notifications (3.10.1):
    - RNPermissions
  - PromisesObjC (2.3.1)
  - RCT-Folly (2021.07.22.00):
    - boost
    - DoubleConversion
    - fmt (~> 6.2.1)
    - glog
    - RCT-Folly/Default (= 2021.07.22.00)
  - RCT-Folly/Default (2021.07.22.00):
    - boost
    - DoubleConversion
    - fmt (~> 6.2.1)
    - glog
  - RCT-Folly/Futures (2021.07.22.00):
    - boost
    - DoubleConversion
    - fmt (~> 6.2.1)
    - glog
    - libevent
  - RCTRequired (0.71.7)
  - RCTTypeSafety (0.71.7):
    - FBLazyVector (= 0.71.7)
    - RCTRequired (= 0.71.7)
    - React-Core (= 0.71.7)
  - React (0.71.7):
    - React-Core (= 0.71.7)
    - React-Core/DevSupport (= 0.71.7)
    - React-Core/RCTWebSocket (= 0.71.7)
    - React-RCTActionSheet (= 0.71.7)
    - React-RCTAnimation (= 0.71.7)
    - React-RCTBlob (= 0.71.7)
    - React-RCTImage (= 0.71.7)
    - React-RCTLinking (= 0.71.7)
    - React-RCTNetwork (= 0.71.7)
    - React-RCTSettings (= 0.71.7)
    - React-RCTText (= 0.71.7)
    - React-RCTVibration (= 0.71.7)
  - React-callinvoker (0.71.7)
  - React-Codegen (0.71.7):
    - FBReactNativeSpec
    - hermes-engine
    - RCT-Folly
    - RCTRequired
    - RCTTypeSafety
    - React-Core
    - React-jsi
    - React-jsiexecutor
    - ReactCommon/turbomodule/bridging
    - ReactCommon/turbomodule/core
  - React-Core (0.71.7):
    - glog
    - hermes-engine
    - RCT-Folly (= 2021.07.22.00)
    - React-Core/Default (= 0.71.7)
    - React-cxxreact (= 0.71.7)
    - React-hermes
    - React-jsi (= 0.71.7)
    - React-jsiexecutor (= 0.71.7)
    - React-perflogger (= 0.71.7)
    - Yoga
  - React-Core/CoreModulesHeaders (0.71.7):
    - glog
    - hermes-engine
    - RCT-Folly (= 2021.07.22.00)
    - React-Core/Default
    - React-cxxreact (= 0.71.7)
    - React-hermes
    - React-jsi (= 0.71.7)
    - React-jsiexecutor (= 0.71.7)
    - React-perflogger (= 0.71.7)
    - Yoga
  - React-Core/Default (0.71.7):
    - glog
    - hermes-engine
    - RCT-Folly (= 2021.07.22.00)
    - React-cxxreact (= 0.71.7)
    - React-hermes
    - React-jsi (= 0.71.7)
    - React-jsiexecutor (= 0.71.7)
    - React-perflogger (= 0.71.7)
    - Yoga
  - React-Core/DevSupport (0.71.7):
    - glog
    - hermes-engine
    - RCT-Folly (= 2021.07.22.00)
    - React-Core/Default (= 0.71.7)
    - React-Core/RCTWebSocket (= 0.71.7)
    - React-cxxreact (= 0.71.7)
    - React-hermes
    - React-jsi (= 0.71.7)
    - React-jsiexecutor (= 0.71.7)
    - React-jsinspector (= 0.71.7)
    - React-perflogger (= 0.71.7)
    - Yoga
  - React-Core/RCTActionSheetHeaders (0.71.7):
    - glog
    - hermes-engine
    - RCT-Folly (= 2021.07.22.00)
    - React-Core/Default
    - React-cxxreact (= 0.71.7)
    - React-hermes
    - React-jsi (= 0.71.7)
    - React-jsiexecutor (= 0.71.7)
    - React-perflogger (= 0.71.7)
    - Yoga
  - React-Core/RCTAnimationHeaders (0.71.7):
    - glog
    - hermes-engine
    - RCT-Folly (= 2021.07.22.00)
    - React-Core/Default
    - React-cxxreact (= 0.71.7)
    - React-hermes
    - React-jsi (= 0.71.7)
    - React-jsiexecutor (= 0.71.7)
    - React-perflogger (= 0.71.7)
    - Yoga
  - React-Core/RCTBlobHeaders (0.71.7):
    - glog
    - hermes-engine
    - RCT-Folly (= 2021.07.22.00)
    - React-Core/Default
    - React-cxxreact (= 0.71.7)
    - React-hermes
    - React-jsi (= 0.71.7)
    - React-jsiexecutor (= 0.71.7)
    - React-perflogger (= 0.71.7)
    - Yoga
  - React-Core/RCTImageHeaders (0.71.7):
    - glog
    - hermes-engine
    - RCT-Folly (= 2021.07.22.00)
    - React-Core/Default
    - React-cxxreact (= 0.71.7)
    - React-hermes
    - React-jsi (= 0.71.7)
    - React-jsiexecutor (= 0.71.7)
    - React-perflogger (= 0.71.7)
    - Yoga
  - React-Core/RCTLinkingHeaders (0.71.7):
    - glog
    - hermes-engine
    - RCT-Folly (= 2021.07.22.00)
    - React-Core/Default
    - React-cxxreact (= 0.71.7)
    - React-hermes
    - React-jsi (= 0.71.7)
    - React-jsiexecutor (= 0.71.7)
    - React-perflogger (= 0.71.7)
    - Yoga
  - React-Core/RCTNetworkHeaders (0.71.7):
    - glog
    - hermes-engine
    - RCT-Folly (= 2021.07.22.00)
    - React-Core/Default
    - React-cxxreact (= 0.71.7)
    - React-hermes
    - React-jsi (= 0.71.7)
    - React-jsiexecutor (= 0.71.7)
    - React-perflogger (= 0.71.7)
    - Yoga
  - React-Core/RCTSettingsHeaders (0.71.7):
    - glog
    - hermes-engine
    - RCT-Folly (= 2021.07.22.00)
    - React-Core/Default
    - React-cxxreact (= 0.71.7)
    - React-hermes
    - React-jsi (= 0.71.7)
    - React-jsiexecutor (= 0.71.7)
    - React-perflogger (= 0.71.7)
    - Yoga
  - React-Core/RCTTextHeaders (0.71.7):
    - glog
    - hermes-engine
    - RCT-Folly (= 2021.07.22.00)
    - React-Core/Default
    - React-cxxreact (= 0.71.7)
    - React-hermes
    - React-jsi (= 0.71.7)
    - React-jsiexecutor (= 0.71.7)
    - React-perflogger (= 0.71.7)
    - Yoga
  - React-Core/RCTVibrationHeaders (0.71.7):
    - glog
    - hermes-engine
    - RCT-Folly (= 2021.07.22.00)
    - React-Core/Default
    - React-cxxreact (= 0.71.7)
    - React-hermes
    - React-jsi (= 0.71.7)
    - React-jsiexecutor (= 0.71.7)
    - React-perflogger (= 0.71.7)
    - Yoga
  - React-Core/RCTWebSocket (0.71.7):
    - glog
    - hermes-engine
    - RCT-Folly (= 2021.07.22.00)
    - React-Core/Default (= 0.71.7)
    - React-cxxreact (= 0.71.7)
    - React-hermes
    - React-jsi (= 0.71.7)
    - React-jsiexecutor (= 0.71.7)
    - React-perflogger (= 0.71.7)
    - Yoga
  - React-CoreModules (0.71.7):
    - RCT-Folly (= 2021.07.22.00)
    - RCTTypeSafety (= 0.71.7)
    - React-Codegen (= 0.71.7)
    - React-Core/CoreModulesHeaders (= 0.71.7)
    - React-jsi (= 0.71.7)
    - React-RCTBlob
    - React-RCTImage (= 0.71.7)
    - ReactCommon/turbomodule/core (= 0.71.7)
  - React-cxxreact (0.71.7):
    - boost (= 1.76.0)
    - DoubleConversion
    - glog
    - hermes-engine
    - RCT-Folly (= 2021.07.22.00)
    - React-callinvoker (= 0.71.7)
    - React-jsi (= 0.71.7)
    - React-jsinspector (= 0.71.7)
    - React-logger (= 0.71.7)
    - React-perflogger (= 0.71.7)
    - React-runtimeexecutor (= 0.71.7)
  - React-hermes (0.71.7):
    - DoubleConversion
    - glog
    - hermes-engine
    - RCT-Folly (= 2021.07.22.00)
    - RCT-Folly/Futures (= 2021.07.22.00)
    - React-cxxreact (= 0.71.7)
    - React-jsi
    - React-jsiexecutor (= 0.71.7)
    - React-jsinspector (= 0.71.7)
    - React-perflogger (= 0.71.7)
  - React-jsi (0.71.7):
    - boost (= 1.76.0)
    - DoubleConversion
    - glog
    - hermes-engine
    - RCT-Folly (= 2021.07.22.00)
  - React-jsiexecutor (0.71.7):
    - DoubleConversion
    - glog
    - hermes-engine
    - RCT-Folly (= 2021.07.22.00)
    - React-cxxreact (= 0.71.7)
    - React-jsi (= 0.71.7)
    - React-perflogger (= 0.71.7)
  - React-jsinspector (0.71.7)
  - React-logger (0.71.7):
    - glog
  - react-native-agora (4.2.6):
    - AgoraIrisRTC_iOS (= 4.2.6-build.3)
    - AgoraRtcEngine_iOS (= 4.2.6)
    - RCT-Folly (= 2021.07.22.00)
    - React-Core
  - react-native-compressor (1.8.23):
    - RCT-Folly (= 2021.07.22.00)
    - React-Core
  - react-native-create-thumbnail (1.6.4):
    - React-Core
  - react-native-device-country (1.0.4):
    - React-Core
  - react-native-document-picker (9.1.0):
    - React-Core
  - react-native-orientation-locker (1.6.0):
    - React-Core
  - react-native-render-html (6.3.4):
    - React-Core
  - react-native-safe-area-context (4.8.2):
    - React-Core
  - react-native-slider (4.5.0):
    - RCT-Folly (= 2021.07.22.00)
    - React-Core
  - react-native-splash-screen (3.3.0):
    - React-Core
  - react-native-video (5.2.1):
    - React-Core
    - react-native-video/Video (= 5.2.1)
  - react-native-video/Video (5.2.1):
    - React-Core
  - react-native-webview (13.6.4):
    - RCT-Folly (= 2021.07.22.00)
    - React-Core
  - React-perflogger (0.71.7)
  - React-RCTActionSheet (0.71.7):
    - React-Core/RCTActionSheetHeaders (= 0.71.7)
  - React-RCTAnimation (0.71.7):
    - RCT-Folly (= 2021.07.22.00)
    - RCTTypeSafety (= 0.71.7)
    - React-Codegen (= 0.71.7)
    - React-Core/RCTAnimationHeaders (= 0.71.7)
    - React-jsi (= 0.71.7)
    - ReactCommon/turbomodule/core (= 0.71.7)
  - React-RCTAppDelegate (0.71.7):
    - RCT-Folly
    - RCTRequired
    - RCTTypeSafety
    - React-Core
    - ReactCommon/turbomodule/core
  - React-RCTBlob (0.71.7):
    - hermes-engine
    - RCT-Folly (= 2021.07.22.00)
    - React-Codegen (= 0.71.7)
    - React-Core/RCTBlobHeaders (= 0.71.7)
    - React-Core/RCTWebSocket (= 0.71.7)
    - React-jsi (= 0.71.7)
    - React-RCTNetwork (= 0.71.7)
    - ReactCommon/turbomodule/core (= 0.71.7)
  - React-RCTImage (0.71.7):
    - RCT-Folly (= 2021.07.22.00)
    - RCTTypeSafety (= 0.71.7)
    - React-Codegen (= 0.71.7)
    - React-Core/RCTImageHeaders (= 0.71.7)
    - React-jsi (= 0.71.7)
    - React-RCTNetwork (= 0.71.7)
    - ReactCommon/turbomodule/core (= 0.71.7)
  - React-RCTLinking (0.71.7):
    - React-Codegen (= 0.71.7)
    - React-Core/RCTLinkingHeaders (= 0.71.7)
    - React-jsi (= 0.71.7)
    - ReactCommon/turbomodule/core (= 0.71.7)
  - React-RCTNetwork (0.71.7):
    - RCT-Folly (= 2021.07.22.00)
    - RCTTypeSafety (= 0.71.7)
    - React-Codegen (= 0.71.7)
    - React-Core/RCTNetworkHeaders (= 0.71.7)
    - React-jsi (= 0.71.7)
    - ReactCommon/turbomodule/core (= 0.71.7)
  - React-RCTSettings (0.71.7):
    - RCT-Folly (= 2021.07.22.00)
    - RCTTypeSafety (= 0.71.7)
    - React-Codegen (= 0.71.7)
    - React-Core/RCTSettingsHeaders (= 0.71.7)
    - React-jsi (= 0.71.7)
    - ReactCommon/turbomodule/core (= 0.71.7)
  - React-RCTText (0.71.7):
    - React-Core/RCTTextHeaders (= 0.71.7)
  - React-RCTVibration (0.71.7):
    - RCT-Folly (= 2021.07.22.00)
    - React-Codegen (= 0.71.7)
    - React-Core/RCTVibrationHeaders (= 0.71.7)
    - React-jsi (= 0.71.7)
    - ReactCommon/turbomodule/core (= 0.71.7)
  - React-runtimeexecutor (0.71.7):
    - React-jsi (= 0.71.7)
  - ReactCommon/turbomodule/bridging (0.71.7):
    - DoubleConversion
    - glog
    - hermes-engine
    - RCT-Folly (= 2021.07.22.00)
    - React-callinvoker (= 0.71.7)
    - React-Core (= 0.71.7)
    - React-cxxreact (= 0.71.7)
    - React-jsi (= 0.71.7)
    - React-logger (= 0.71.7)
    - React-perflogger (= 0.71.7)
  - ReactCommon/turbomodule/core (0.71.7):
    - DoubleConversion
    - glog
    - hermes-engine
    - RCT-Folly (= 2021.07.22.00)
    - React-callinvoker (= 0.71.7)
    - React-Core (= 0.71.7)
    - React-cxxreact (= 0.71.7)
    - React-jsi (= 0.71.7)
    - React-logger (= 0.71.7)
    - React-perflogger (= 0.71.7)
  - rn-fetch-blob (0.12.0):
    - React-Core
  - RNCAsyncStorage (1.21.0):
    - React-Core
  - RNCPushNotificationIOS (1.11.0):
    - React-Core
  - RNFBApp (18.7.3):
    - Firebase/CoreOnly (= 10.19.0)
    - React-Core
  - RNFBMessaging (18.7.3):
    - Firebase/Messaging (= 10.19.0)
    - FirebaseCoreExtension (= 10.19.0)
    - React-Core
    - RNFBApp
  - RNFS (2.20.0):
    - React-Core
  - RNGestureHandler (2.14.0):
    - RCT-Folly (= 2021.07.22.00)
    - React-Core
  - RNLocalize (3.0.5):
    - React-Core
  - RNPermissions (3.10.1):
    - React-Core
  - RNReanimated (2.17.0):
    - DoubleConversion
    - FBLazyVector
    - FBReactNativeSpec
    - glog
    - RCT-Folly
    - RCTRequired
    - RCTTypeSafety
    - React-callinvoker
    - React-Core
    - React-Core/DevSupport
    - React-Core/RCTWebSocket
    - React-CoreModules
    - React-cxxreact
    - React-jsi
    - React-jsiexecutor
    - React-jsinspector
    - React-RCTActionSheet
    - React-RCTAnimation
    - React-RCTBlob
    - React-RCTImage
    - React-RCTLinking
    - React-RCTNetwork
    - React-RCTSettings
    - React-RCTText
    - ReactCommon/turbomodule/core
    - Yoga
  - RNScreens (3.29.0):
    - RCT-Folly (= 2021.07.22.00)
    - React-Core
  - RNShare (8.2.2):
    - React-Core
  - RNSVG (13.14.0):
    - React-Core
  - RNVectorIcons (9.2.0):
    - React-Core
  - SocketRocket (0.6.1)
  - Stripe (23.15.0):
    - StripeApplePay (= 23.15.0)
    - StripeCore (= 23.15.0)
    - StripePayments (= 23.15.0)
    - StripePaymentsUI (= 23.15.0)
    - StripeUICore (= 23.15.0)
  - stripe-react-native (0.31.1):
    - React-Core
    - Stripe (~> 23.15.0)
    - StripeApplePay (~> 23.15.0)
    - StripeFinancialConnections (~> 23.15.0)
    - StripePayments (~> 23.15.0)
    - StripePaymentSheet (~> 23.15.0)
    - StripePaymentsUI (~> 23.15.0)
  - StripeApplePay (23.15.0):
    - StripeCore (= 23.15.0)
  - StripeCore (23.15.0)
  - StripeFinancialConnections (23.15.0):
    - StripeCore (= 23.15.0)
    - StripeUICore (= 23.15.0)
  - StripePayments (23.15.0):
    - StripeCore (= 23.15.0)
    - StripePayments/Stripe3DS2 (= 23.15.0)
  - StripePayments/Stripe3DS2 (23.15.0):
    - StripeCore (= 23.15.0)
  - StripePaymentSheet (23.15.0):
    - StripeApplePay (= 23.15.0)
    - StripeCore (= 23.15.0)
    - StripePayments (= 23.15.0)
    - StripePaymentsUI (= 23.15.0)
  - StripePaymentsUI (23.15.0):
    - StripeCore (= 23.15.0)
    - StripePayments (= 23.15.0)
    - StripeUICore (= 23.15.0)
  - StripeUICore (23.15.0):
    - StripeCore (= 23.15.0)
  - Yoga (1.14.0)
  - YogaKit (1.18.1):
    - Yoga (~> 1.14)

DEPENDENCIES:
  - boost (from `../node_modules/react-native/third-party-podspecs/boost.podspec`)
  - BVLinearGradient (from `../node_modules/react-native-linear-gradient`)
  - DoubleConversion (from `../node_modules/react-native/third-party-podspecs/DoubleConversion.podspec`)
  - FBLazyVector (from `../node_modules/react-native/Libraries/FBLazyVector`)
  - FBReactNativeSpec (from `../node_modules/react-native/React/FBReactNativeSpec`)
  - Firebase
  - FirebaseCore
  - FirebaseCoreInternal
  - Flipper (= 0.125.0)
  - Flipper-Boost-iOSX (= 1.76.0.1.11)
  - Flipper-DoubleConversion (= 3.2.0.1)
  - Flipper-Fmt (= 7.1.7)
  - Flipper-Folly (= 2.6.10)
  - Flipper-Glog (= 0.5.0.5)
  - Flipper-PeerTalk (= 0.0.4)
  - Flipper-RSocket (= 1.4.3)
  - FlipperKit (= 0.125.0)
  - FlipperKit/Core (= 0.125.0)
  - FlipperKit/CppBridge (= 0.125.0)
  - FlipperKit/FBCxxFollyDynamicConvert (= 0.125.0)
  - FlipperKit/FBDefines (= 0.125.0)
  - FlipperKit/FKPortForwarding (= 0.125.0)
  - FlipperKit/FlipperKitHighlightOverlay (= 0.125.0)
  - FlipperKit/FlipperKitLayoutPlugin (= 0.125.0)
  - FlipperKit/FlipperKitLayoutTextSearchable (= 0.125.0)
  - FlipperKit/FlipperKitNetworkPlugin (= 0.125.0)
  - FlipperKit/FlipperKitReactPlugin (= 0.125.0)
  - FlipperKit/FlipperKitUserDefaultsPlugin (= 0.125.0)
  - FlipperKit/SKIOSNetworkPlugin (= 0.125.0)
  - glog (from `../node_modules/react-native/third-party-podspecs/glog.podspec`)
  - GoogleUtilities
  - hermes-engine (from `../node_modules/react-native/sdks/hermes-engine/hermes-engine.podspec`)
  - libevent (~> 2.1.12)
  - OpenSSL-Universal (= 1.1.1100)
  - Permission-Notifications (from `../node_modules/react-native-permissions/ios/Notifications/Permission-Notifications.podspec`)
  - RCT-Folly (from `../node_modules/react-native/third-party-podspecs/RCT-Folly.podspec`)
  - RCTRequired (from `../node_modules/react-native/Libraries/RCTRequired`)
  - RCTTypeSafety (from `../node_modules/react-native/Libraries/TypeSafety`)
  - React (from `../node_modules/react-native/`)
  - React-callinvoker (from `../node_modules/react-native/ReactCommon/callinvoker`)
  - React-Codegen (from `build/generated/ios`)
  - React-Core (from `../node_modules/react-native/`)
  - React-Core/DevSupport (from `../node_modules/react-native/`)
  - React-Core/RCTWebSocket (from `../node_modules/react-native/`)
  - React-CoreModules (from `../node_modules/react-native/React/CoreModules`)
  - React-cxxreact (from `../node_modules/react-native/ReactCommon/cxxreact`)
  - React-hermes (from `../node_modules/react-native/ReactCommon/hermes`)
  - React-jsi (from `../node_modules/react-native/ReactCommon/jsi`)
  - React-jsiexecutor (from `../node_modules/react-native/ReactCommon/jsiexecutor`)
  - React-jsinspector (from `../node_modules/react-native/ReactCommon/jsinspector`)
  - React-logger (from `../node_modules/react-native/ReactCommon/logger`)
  - react-native-agora (from `../node_modules/react-native-agora`)
  - react-native-compressor (from `../node_modules/react-native-compressor`)
  - react-native-create-thumbnail (from `../node_modules/react-native-create-thumbnail`)
  - react-native-device-country (from `../node_modules/react-native-device-country`)
  - react-native-document-picker (from `../node_modules/react-native-document-picker`)
  - react-native-orientation-locker (from `../node_modules/react-native-orientation-locker`)
  - react-native-render-html (from `../node_modules/react-native-render-html`)
  - react-native-safe-area-context (from `../node_modules/react-native-safe-area-context`)
  - "react-native-slider (from `../node_modules/@react-native-community/slider`)"
  - react-native-splash-screen (from `../node_modules/react-native-splash-screen`)
  - react-native-video (from `../node_modules/react-native-video`)
  - react-native-webview (from `../node_modules/react-native-webview`)
  - React-perflogger (from `../node_modules/react-native/ReactCommon/reactperflogger`)
  - React-RCTActionSheet (from `../node_modules/react-native/Libraries/ActionSheetIOS`)
  - React-RCTAnimation (from `../node_modules/react-native/Libraries/NativeAnimation`)
  - React-RCTAppDelegate (from `../node_modules/react-native/Libraries/AppDelegate`)
  - React-RCTBlob (from `../node_modules/react-native/Libraries/Blob`)
  - React-RCTImage (from `../node_modules/react-native/Libraries/Image`)
  - React-RCTLinking (from `../node_modules/react-native/Libraries/LinkingIOS`)
  - React-RCTNetwork (from `../node_modules/react-native/Libraries/Network`)
  - React-RCTSettings (from `../node_modules/react-native/Libraries/Settings`)
  - React-RCTText (from `../node_modules/react-native/Libraries/Text`)
  - React-RCTVibration (from `../node_modules/react-native/Libraries/Vibration`)
  - React-runtimeexecutor (from `../node_modules/react-native/ReactCommon/runtimeexecutor`)
  - ReactCommon/turbomodule/core (from `../node_modules/react-native/ReactCommon`)
  - rn-fetch-blob (from `../node_modules/rn-fetch-blob`)
  - "RNCAsyncStorage (from `../node_modules/@react-native-async-storage/async-storage`)"
  - "RNCPushNotificationIOS (from `../node_modules/@react-native-community/push-notification-ios`)"
  - "RNFBApp (from `../node_modules/@react-native-firebase/app`)"
  - "RNFBMessaging (from `../node_modules/@react-native-firebase/messaging`)"
  - RNFS (from `../node_modules/react-native-fs`)
  - RNGestureHandler (from `../node_modules/react-native-gesture-handler`)
  - RNLocalize (from `../node_modules/react-native-localize`)
  - RNPermissions (from `../node_modules/react-native-permissions`)
  - RNReanimated (from `../node_modules/react-native-reanimated`)
  - RNScreens (from `../node_modules/react-native-screens`)
  - RNShare (from `../node_modules/react-native-share`)
  - RNSVG (from `../node_modules/react-native-svg`)
  - RNVectorIcons (from `../node_modules/react-native-vector-icons`)
  - "stripe-react-native (from `../node_modules/@stripe/stripe-react-native`)"
  - Yoga (from `../node_modules/react-native/ReactCommon/yoga`)

SPEC REPOS:
  trunk:
    - AgoraIrisRTC_iOS
    - AgoraRtcEngine_iOS
    - CocoaAsyncSocket
    - Firebase
    - FirebaseAnalytics
    - FirebaseCore
    - FirebaseCoreExtension
    - FirebaseCoreInternal
    - FirebaseInstallations
    - FirebaseMessaging
    - Flipper
    - Flipper-Boost-iOSX
    - Flipper-DoubleConversion
    - Flipper-Fmt
    - Flipper-Folly
    - Flipper-Glog
    - Flipper-PeerTalk
    - Flipper-RSocket
    - FlipperKit
    - fmt
    - GoogleAppMeasurement
    - GoogleDataTransport
    - GoogleUtilities
    - libevent
    - nanopb
    - OpenSSL-Universal
    - PromisesObjC
    - SocketRocket
    - Stripe
    - StripeApplePay
    - StripeCore
    - StripeFinancialConnections
    - StripePayments
    - StripePaymentSheet
    - StripePaymentsUI
    - StripeUICore
    - YogaKit

EXTERNAL SOURCES:
  boost:
    :podspec: "../node_modules/react-native/third-party-podspecs/boost.podspec"
  BVLinearGradient:
    :path: "../node_modules/react-native-linear-gradient"
  DoubleConversion:
    :podspec: "../node_modules/react-native/third-party-podspecs/DoubleConversion.podspec"
  FBLazyVector:
    :path: "../node_modules/react-native/Libraries/FBLazyVector"
  FBReactNativeSpec:
    :path: "../node_modules/react-native/React/FBReactNativeSpec"
  glog:
    :podspec: "../node_modules/react-native/third-party-podspecs/glog.podspec"
  hermes-engine:
    :podspec: "../node_modules/react-native/sdks/hermes-engine/hermes-engine.podspec"
  Permission-Notifications:
    :path: "../node_modules/react-native-permissions/ios/Notifications/Permission-Notifications.podspec"
  RCT-Folly:
    :podspec: "../node_modules/react-native/third-party-podspecs/RCT-Folly.podspec"
  RCTRequired:
    :path: "../node_modules/react-native/Libraries/RCTRequired"
  RCTTypeSafety:
    :path: "../node_modules/react-native/Libraries/TypeSafety"
  React:
    :path: "../node_modules/react-native/"
  React-callinvoker:
    :path: "../node_modules/react-native/ReactCommon/callinvoker"
  React-Codegen:
    :path: build/generated/ios
  React-Core:
    :path: "../node_modules/react-native/"
  React-CoreModules:
    :path: "../node_modules/react-native/React/CoreModules"
  React-cxxreact:
    :path: "../node_modules/react-native/ReactCommon/cxxreact"
  React-hermes:
    :path: "../node_modules/react-native/ReactCommon/hermes"
  React-jsi:
    :path: "../node_modules/react-native/ReactCommon/jsi"
  React-jsiexecutor:
    :path: "../node_modules/react-native/ReactCommon/jsiexecutor"
  React-jsinspector:
    :path: "../node_modules/react-native/ReactCommon/jsinspector"
  React-logger:
    :path: "../node_modules/react-native/ReactCommon/logger"
  react-native-agora:
    :path: "../node_modules/react-native-agora"
  react-native-compressor:
    :path: "../node_modules/react-native-compressor"
  react-native-create-thumbnail:
    :path: "../node_modules/react-native-create-thumbnail"
  react-native-device-country:
    :path: "../node_modules/react-native-device-country"
  react-native-document-picker:
    :path: "../node_modules/react-native-document-picker"
  react-native-orientation-locker:
    :path: "../node_modules/react-native-orientation-locker"
  react-native-render-html:
    :path: "../node_modules/react-native-render-html"
  react-native-safe-area-context:
    :path: "../node_modules/react-native-safe-area-context"
  react-native-slider:
    :path: "../node_modules/@react-native-community/slider"
  react-native-splash-screen:
    :path: "../node_modules/react-native-splash-screen"
  react-native-video:
    :path: "../node_modules/react-native-video"
  react-native-webview:
    :path: "../node_modules/react-native-webview"
  React-perflogger:
    :path: "../node_modules/react-native/ReactCommon/reactperflogger"
  React-RCTActionSheet:
    :path: "../node_modules/react-native/Libraries/ActionSheetIOS"
  React-RCTAnimation:
    :path: "../node_modules/react-native/Libraries/NativeAnimation"
  React-RCTAppDelegate:
    :path: "../node_modules/react-native/Libraries/AppDelegate"
  React-RCTBlob:
    :path: "../node_modules/react-native/Libraries/Blob"
  React-RCTImage:
    :path: "../node_modules/react-native/Libraries/Image"
  React-RCTLinking:
    :path: "../node_modules/react-native/Libraries/LinkingIOS"
  React-RCTNetwork:
    :path: "../node_modules/react-native/Libraries/Network"
  React-RCTSettings:
    :path: "../node_modules/react-native/Libraries/Settings"
  React-RCTText:
    :path: "../node_modules/react-native/Libraries/Text"
  React-RCTVibration:
    :path: "../node_modules/react-native/Libraries/Vibration"
  React-runtimeexecutor:
    :path: "../node_modules/react-native/ReactCommon/runtimeexecutor"
  ReactCommon:
    :path: "../node_modules/react-native/ReactCommon"
  rn-fetch-blob:
    :path: "../node_modules/rn-fetch-blob"
  RNCAsyncStorage:
    :path: "../node_modules/@react-native-async-storage/async-storage"
  RNCPushNotificationIOS:
    :path: "../node_modules/@react-native-community/push-notification-ios"
  RNFBApp:
    :path: "../node_modules/@react-native-firebase/app"
  RNFBMessaging:
    :path: "../node_modules/@react-native-firebase/messaging"
  RNFS:
    :path: "../node_modules/react-native-fs"
  RNGestureHandler:
    :path: "../node_modules/react-native-gesture-handler"
  RNLocalize:
    :path: "../node_modules/react-native-localize"
  RNPermissions:
    :path: "../node_modules/react-native-permissions"
  RNReanimated:
    :path: "../node_modules/react-native-reanimated"
  RNScreens:
    :path: "../node_modules/react-native-screens"
  RNShare:
    :path: "../node_modules/react-native-share"
  RNSVG:
    :path: "../node_modules/react-native-svg"
  RNVectorIcons:
    :path: "../node_modules/react-native-vector-icons"
  stripe-react-native:
    :path: "../node_modules/@stripe/stripe-react-native"
  Yoga:
    :path: "../node_modules/react-native/ReactCommon/yoga"

SPEC CHECKSUMS:
  AgoraIrisRTC_iOS: 8346499b82968a4967e3d0bec2cf14bf7c0c3f76
  AgoraRtcEngine_iOS: ac647332ad8f86d79cf810601c9e62b28c3a4de0
  boost: 57d2868c099736d80fcd648bf211b4431e51a558
  BVLinearGradient: 880f91a7854faff2df62518f0281afb1c60d49a3
  CocoaAsyncSocket: 065fd1e645c7abab64f7a6a2007a48038fdc6a99
  DoubleConversion: 5189b271737e1565bdce30deb4a08d647e3f5f54
  FBLazyVector: a89a0525bc7ca174675045c2b492b5280d5a2470
  FBReactNativeSpec: 7714e6bc1e9ea23df6c4cb42f0b2fd9c6a3a559c
  Firebase: 63ce8ece0d43743dc28eacac0c6867a2d7fd5a9d
  FirebaseAnalytics: 87513010b13b7c8610164d3602ea10571f76afc1
  FirebaseCore: dc5c7badf99d47613c52b2e3a57a64cd187f8554
  FirebaseCoreExtension: c08d14c7b22e07994e876d837e6f58642f340087
  FirebaseCoreInternal: b444828ea7cfd594fca83046b95db98a2be4f290
  FirebaseInstallations: 033d199474164db20c8350736842a94fe717b960
  FirebaseMessaging: d322bd030a0e97398bf134746e087b88e6ba0074
  Flipper: 26fc4b7382499f1281eb8cb921e5c3ad6de91fe0
  Flipper-Boost-iOSX: fd1e2b8cbef7e662a122412d7ac5f5bea715403c
  Flipper-DoubleConversion: 2dc99b02f658daf147069aad9dbd29d8feb06d30
  Flipper-Fmt: 60cbdd92fc254826e61d669a5d87ef7015396a9b
  Flipper-Folly: 584845625005ff068a6ebf41f857f468decd26b3
  Flipper-Glog: 70c50ce58ddaf67dc35180db05f191692570f446
  Flipper-PeerTalk: 116d8f857dc6ef55c7a5a75ea3ceaafe878aadc9
  Flipper-RSocket: d9d9ade67cbecf6ac10730304bf5607266dd2541
  FlipperKit: cbdee19bdd4e7f05472a66ce290f1b729ba3cb86
  fmt: ff9d55029c625d3757ed641535fd4a75fedc7ce9
  glog: 04b94705f318337d7ead9e6d17c019bd9b1f6b1b
  GoogleAppMeasurement: 68afe759316673c6554dac35a0c7ae8f5d6cb4ed
  GoogleDataTransport: 57c22343ab29bc686febbf7cbb13bad167c2d8fe
  GoogleUtilities: 0759d1a57ebb953965c2dfe0ba4c82e95ccc2e34
  hermes-engine: 4438d2b8bf8bebaba1b1ac0451160bab59e491f8
  libevent: 4049cae6c81cdb3654a443be001fb9bdceff7913
  nanopb: d4d75c12cd1316f4a64e3c6963f879ecd4b5e0d5
  OpenSSL-Universal: ebc357f1e6bc71fa463ccb2fe676756aff50e88c
  Permission-Notifications: 817390e18898f34adad940cd4141e771e77086ea
  PromisesObjC: c50d2056b5253dadbd6c2bea79b0674bd5a52fa4
  RCT-Folly: 424b8c9a7a0b9ab2886ffe9c3b041ef628fd4fb1
  RCTRequired: 5a4a30ac20c86eeadd6844a9328f78d4168cf9b2
  RCTTypeSafety: 279fc5861a89f0f37db3a585f27f971485b4b734
  React: 88307a9be3bd0e71a6822271cf28b84a587fb97f
  React-callinvoker: 35fb980c454104ebe82f0afb9826830089248e08
  React-Codegen: a8dbde3b7476d5c19437d2adb9e8ea1b426b9595
  React-Core: 385cb6fa78762c6409ff39faeb0dd9ad664b6e84
  React-CoreModules: c2b7db313b04d9b71954ffd55d0c2e46bc40e9fb
  React-cxxreact: 845fefb889132e5d004ff818f7a599e32c52e7d6
  React-hermes: 86135f35e1dd2dfccfb97afe96d0c06f6a3970c4
  React-jsi: 39c116aa6c3d6f3d9874eff6998a670b47882a28
  React-jsiexecutor: eaa5f71eb8f6861cf0e57f1a0f52aeb020d9e18e
  React-jsinspector: 9885f6f94d231b95a739ef7bb50536fb87ce7539
  React-logger: 3f8ebad1be1bf3299d1ab6d7f971802d7395c7ef
  react-native-agora: 7026292738f2de759f532938db629c7acda377af
  react-native-compressor: d30f0cf83afec95099fb109919a58d484e00051a
  react-native-create-thumbnail: e022bcdcba8a0b4529a50d3fa1a832ec921be39d
  react-native-device-country: e4fe1a3037e7087f6371c6f8e98d65ea90959df3
  react-native-document-picker: b4f4a23b73f864ce17965b284c0757648993805b
  react-native-orientation-locker: 4409c5b12b65f942e75449872b4f078b6f27af81
  react-native-render-html: 984dfe2294163d04bf5fe25d7c9f122e60e05ebe
  react-native-safe-area-context: 0ee144a6170530ccc37a0fd9388e28d06f516a89
  react-native-slider: cc89964e1432fa31aa9db7a0fa9b21e26b5d5152
  react-native-splash-screen: 4312f786b13a81b5169ef346d76d33bc0c6dc457
  react-native-video: c26780b224543c62d5e1b2a7244a5cd1b50e8253
  react-native-webview: 107961c73db53d66549c867a3b64eaa20d34c41f
  React-perflogger: 2d505bbe298e3b7bacdd9e542b15535be07220f6
  React-RCTActionSheet: 0e96e4560bd733c9b37efbf68f5b1a47615892fb
  React-RCTAnimation: fd138e26f120371c87e406745a27535e2c8a04ef
  React-RCTAppDelegate: 4a9fd1230a98dc3d4382f8a934dc9f50834d8335
  React-RCTBlob: 38a7185f06a0ce8153a023e63b406a28d67b955d
  React-RCTImage: 92b0966e7c1cadda889e961c474397ad5180e194
  React-RCTLinking: b80f8d0c6e94c54294b0048def51f57eaa9a27af
  React-RCTNetwork: 491b0c65ac22edbd6695d12d084b4943103b009b
  React-RCTSettings: 97af3e8abe0023349ec015910df3bda1a0380117
  React-RCTText: 33c85753bd714d527d2ae538dc56ec24c6783d84
  React-RCTVibration: 08f132cad9896458776f37c112e71d60aef1c6ae
  React-runtimeexecutor: c5c89f8f543842dd864b63ded1b0bbb9c9445328
  ReactCommon: dbfbe2f7f3c5ce4ce44f43f2fd0d5950d1eb67c5
  rn-fetch-blob: f065bb7ab7fb48dd002629f8bdcb0336602d3cba
  RNCAsyncStorage: 618d03a5f52fbccb3d7010076bc54712844c18ef
  RNCPushNotificationIOS: 64218f3c776c03d7408284a819b2abfda1834bc8
  RNFBApp: c21258de1485419a845efbba9c09ec946c89891d
  RNFBMessaging: e52a76a97ec5ff75e186c150e2bfab86c9e655d1
  RNFS: 4ac0f0ea233904cb798630b3c077808c06931688
  RNGestureHandler: 32a01c29ecc9bb0b5bf7bc0a33547f61b4dc2741
  RNLocalize: a725877f311db45acc6bff2382b3283e744a3945
  RNPermissions: 4e3714e18afe7141d000beae3755e5b5fb2f5e05
  RNReanimated: f186e85d9f28c9383d05ca39e11dd194f59093ec
  RNScreens: 3c5b9f4a9dcde752466854b6109b79c0e205dad3
  RNShare: d82e10f6b7677f4b0048c23709bd04098d5aee6c
  RNSVG: d00c8f91c3cbf6d476451313a18f04d220d4f396
  RNVectorIcons: fcc2f6cb32f5735b586e66d14103a74ce6ad61f8
  SocketRocket: f32cd54efbe0f095c4d7594881e52619cfe80b17
  Stripe: 04a77d66ea24646b438079d64e28e856408a3966
  stripe-react-native: 58be39a16884372439403ad15e14999c6f59adf0
  StripeApplePay: 25018ddbd381d23c4a6afe776c6495b6690e2036
  StripeCore: d18d981490314b875319020fb25055e528677dcc
  StripeFinancialConnections: 93ec77db4be974f71e6af6c530a28fedc8e66dfc
  StripePayments: 3c0bf055692bcbc420779bd2e2119e5b6049c8b9
  StripePaymentSheet: 12fb5829063dc6f1ad178eb4787b6d85e4b6155f
  StripePaymentsUI: 0c9413c07110770da2abc0ebd5766470374e3565
  StripeUICore: c85381f005c7ee585ec4032858fc22baa7bae4ec
  Yoga: d56980c8914db0b51692f55533409e844b66133c
  YogaKit: f782866e155069a2cca2517aafea43200b01fd5a

PODFILE CHECKSUM: ca9877bec891ffb2c20a1970fd0c23ca7212a22e

COCOAPODS: 1.12.1
